
Microsoft Visual Studio Solution File, Format Version 12.00
# Visual Studio Version 16
VisualStudioVersion = 16.0.30011.22
MinimumVisualStudioVersion = 10.0.40219.1
Project("{FAE04EC0-301F-11D3-BF4B-00C04F79EFBC}") = "Attendance.Web", "Attendance.Web\Attendance.Web.csproj", "{00E4AA0C-C679-40CA-9A30-1D9452CA1DF2}"
EndProject
Project("{FAE04EC0-301F-11D3-BF4B-00C04F79EFBC}") = "Attendance.Models", "Attendance.Models\Attendance.Models.csproj", "{70795D8D-07C0-49F4-B0EC-D2F171DB4977}"
EndProject
Project("{FAE04EC0-301F-11D3-BF4B-00C04F79EFBC}") = "Attendance.Core", "Attendance.Core\Attendance.Core.csproj", "{CDA0DF5C-3B48-48B9-9069-A1162351D336}"
EndProject
Global
	GlobalSection(SolutionConfigurationPlatforms) = preSolution
		Debug|Any CPU = Debug|Any CPU
		Release|Any CPU = Release|Any CPU
	EndGlobalSection
	GlobalSection(ProjectConfigurationPlatforms) = postSolution
		{00E4AA0C-C679-40CA-9A30-1D9452CA1DF2}.Debug|Any CPU.ActiveCfg = Debug|Any CPU
		{00E4AA0C-C679-40CA-9A30-1D9452CA1DF2}.Debug|Any CPU.Build.0 = Debug|Any CPU
		{00E4AA0C-C679-40CA-9A30-1D9452CA1DF2}.Release|Any CPU.ActiveCfg = Release|Any CPU
		{00E4AA0C-C679-40CA-9A30-1D9452CA1DF2}.Release|Any CPU.Build.0 = Release|Any CPU
		{70795D8D-07C0-49F4-B0EC-D2F171DB4977}.Debug|Any CPU.ActiveCfg = Debug|Any CPU
		{70795D8D-07C0-49F4-B0EC-D2F171DB4977}.Debug|Any CPU.Build.0 = Debug|Any CPU
		{70795D8D-07C0-49F4-B0EC-D2F171DB4977}.Release|Any CPU.ActiveCfg = Release|Any CPU
		{70795D8D-07C0-49F4-B0EC-D2F171DB4977}.Release|Any CPU.Build.0 = Release|Any CPU
		{CDA0DF5C-3B48-48B9-9069-A1162351D336}.Debug|Any CPU.ActiveCfg = Debug|Any CPU
		{CDA0DF5C-3B48-48B9-9069-A1162351D336}.Debug|Any CPU.Build.0 = Debug|Any CPU
		{CDA0DF5C-3B48-48B9-9069-A1162351D336}.Release|Any CPU.ActiveCfg = Release|Any CPU
		{CDA0DF5C-3B48-48B9-9069-A1162351D336}.Release|Any CPU.Build.0 = Release|Any CPU
	EndGlobalSection
	GlobalSection(SolutionProperties) = preSolution
		HideSolutionNode = FALSE
	EndGlobalSection
	GlobalSection(ExtensibilityGlobals) = postSolution
		SolutionGuid = {EBDAE16F-99E9-4343-B9FA-E3CF23287FF4}
	EndGlobalSection
EndGlobal
